
Microsoft Visual Studio Solution File, Format Version 12.00
# Visual Studio Version 17
VisualStudioVersion = 17.8.34309.116
MinimumVisualStudioVersion = 10.0.40219.1
Project("{2150E333-8FDC-42A3-9474-1A3956D46DE8}") = "Services", "Services", "{10C96A0F-761D-4318-850D-102C1650E43F}"
EndProject
Project("{2150E333-8FDC-42A3-9474-1A3956D46DE8}") = "Catalog", "Catalog", "{17F702FA-9F52-4474-A51E-F8C0A7CEE387}"
	ProjectSection(SolutionItems) = preProject
		Services\Catalog\CatalogREADME.txt = Services\Catalog\CatalogREADME.txt
	EndProjectSection
EndProject
Project("{9A19103F-16F7-4668-BE54-9A1E7A4F7556}") = "EShopV3.Catalog", "Services\Catalog\EShopV3.Catalog\EShopV3.Catalog.csproj", "{6C65A41B-DD72-4174-8F9B-2828C284B6A6}"
EndProject
Project("{2150E333-8FDC-42A3-9474-1A3956D46DE8}") = "Discount", "Discount", "{93CA685E-5A83-4DA9-AA38-09B48141879F}"
	ProjectSection(SolutionItems) = preProject
		Services\Discount\DiscountRADME.txt = Services\Discount\DiscountRADME.txt
	EndProjectSection
EndProject
Project("{9A19103F-16F7-4668-BE54-9A1E7A4F7556}") = "EShopV3.Discount", "Services\Discount\EShopV3.Discount\EShopV3.Discount.csproj", "{57F8FB05-F833-4A54-B688-6A73A392CF2C}"
EndProject
Project("{2150E333-8FDC-42A3-9474-1A3956D46DE8}") = "Order", "Order", "{3D5F5A63-A710-4C8F-BBDA-4C2A64D4E46B}"
EndProject
Project("{2150E333-8FDC-42A3-9474-1A3956D46DE8}") = "Core", "Core", "{25FDA0FD-8A41-435A-91EC-FFD463A5C532}"
EndProject
Project("{2150E333-8FDC-42A3-9474-1A3956D46DE8}") = "Infrastructure", "Infrastructure", "{A70E00D6-3D9D-4AED-914D-A59379D564C4}"
EndProject
Project("{2150E333-8FDC-42A3-9474-1A3956D46DE8}") = "Presentation", "Presentation", "{F1B938D8-B6B8-458B-8A95-CD3E17447F48}"
EndProject
Project("{9A19103F-16F7-4668-BE54-9A1E7A4F7556}") = "EShopV3.Order.Domain", "Services\Order\Core\EShopV3.Order.Domain\EShopV3.Order.Domain.csproj", "{FCB5A09A-B910-43EE-823C-662A67517679}"
EndProject
Project("{9A19103F-16F7-4668-BE54-9A1E7A4F7556}") = "EShopV3.Order.Application", "Services\Order\Core\EShopV3.Order.Application\EShopV3.Order.Application.csproj", "{BB4D9E0F-1545-4E7F-A8E6-489840F4F14B}"
EndProject
Project("{2150E333-8FDC-42A3-9474-1A3956D46DE8}") = "IdentityServer", "IdentityServer", "{766ECE3E-231D-4DC7-A151-9B9A916A5707}"
EndProject
Project("{9A19103F-16F7-4668-BE54-9A1E7A4F7556}") = "EShopV3.IdentityServer", "IdentityServer\EShopV3.IdentityServer\EShopV3.IdentityServer.csproj", "{1D3EEF82-595E-4F7D-B051-EA7A1888149C}"
EndProject
Project("{2150E333-8FDC-42A3-9474-1A3956D46DE8}") = "Requirements", "Requirements", "{32F908FD-16EE-4421-B4F8-4B5FDBABCA54}"
	ProjectSection(SolutionItems) = preProject
		Requirements\IdentityServerVersionErrorSolution.txt = Requirements\IdentityServerVersionErrorSolution.txt
		Requirements\PortainerCmd.txt = Requirements\PortainerCmd.txt
		Requirements\PortNumbers.txt = Requirements\PortNumbers.txt
	EndProjectSection
EndProject
Project("{9A19103F-16F7-4668-BE54-9A1E7A4F7556}") = "EShopV3.Order.Persistence", "Services\Order\Infrastructure\EShopV3.Order.Persistence\EShopV3.Order.Persistence.csproj", "{F028C698-E0C0-49E1-AAE0-ED4A5A67A728}"
EndProject
Project("{9A19103F-16F7-4668-BE54-9A1E7A4F7556}") = "EShopV3.Order.WebApi", "Services\Order\Presentation\EShopV3.Order.WebApi\EShopV3.Order.WebApi.csproj", "{7B5E2A7A-D110-4E99-A46D-09F7EEFDF13F}"
EndProject
Project("{2150E333-8FDC-42A3-9474-1A3956D46DE8}") = "Cargo", "Cargo", "{69CF8C19-D2CB-4614-A84E-5A4285FB5D0E}"
EndProject
Project("{9A19103F-16F7-4668-BE54-9A1E7A4F7556}") = "EShopV3.Cargo.BusinessLayer", "Services\Cargo\EShopV3.Cargo.BusinessLayer\EShopV3.Cargo.BusinessLayer.csproj", "{90D3CAC5-D124-42A5-BB0C-56CFE8920104}"
EndProject
Project("{9A19103F-16F7-4668-BE54-9A1E7A4F7556}") = "EShopV3.Cargo.DataAccessLayer", "Services\Cargo\EShopV3.Cargo.DataAccessLayer\EShopV3.Cargo.DataAccessLayer.csproj", "{160A0B4C-817D-47DE-A8AF-11D852AB3B9A}"
EndProject
Project("{9A19103F-16F7-4668-BE54-9A1E7A4F7556}") = "EShopV3.Cargo.DtoLayer", "Services\Cargo\EShopV3.Cargo.DtoLayer\EShopV3.Cargo.DtoLayer.csproj", "{850F9962-FB79-43BE-A3B6-6F26E738F28C}"
EndProject
Project("{9A19103F-16F7-4668-BE54-9A1E7A4F7556}") = "EShopV3.Cargo.EntityLayer", "Services\Cargo\EShopV3.Cargo.EntityLayer\EShopV3.Cargo.EntityLayer.csproj", "{17F36C5F-2147-468C-A0D1-AD730697FD7F}"
EndProject
Project("{9A19103F-16F7-4668-BE54-9A1E7A4F7556}") = "EShopV3.Cargo.WebApi", "Services\Cargo\EShopV3.Cargo.WebApi\EShopV3.Cargo.WebApi.csproj", "{553DE3BA-24B4-478C-9DBF-600D1FEE57CA}"
EndProject
Project("{2150E333-8FDC-42A3-9474-1A3956D46DE8}") = "Basket", "Basket", "{7D532160-BC6E-4B91-875F-CF5BEC5ECB04}"
EndProject
Project("{9A19103F-16F7-4668-BE54-9A1E7A4F7556}") = "EShopV3.Basket", "Services\Basket\EShopV3.Basket\EShopV3.Basket.csproj", "{F9DF9CE3-C40B-4835-B255-50D599A9B936}"
EndProject
Project("{2150E333-8FDC-42A3-9474-1A3956D46DE8}") = "Frontends", "Frontends", "{D5C1307F-D09A-454C-B9AE-BB6B486B3547}"
EndProject
Project("{9A19103F-16F7-4668-BE54-9A1E7A4F7556}") = "EShopV3.WebUI", "Frontends\EShopV3.WebUI\EShopV3.WebUI.csproj", "{5FA9FC4A-3624-4104-9F32-C1C1F2C431CE}"
EndProject
Project("{FAE04EC0-301F-11D3-BF4B-00C04F79EFBC}") = "EhopV3.DtoLayer", "Frontends\EhopV3.DtoLayer\EhopV3.DtoLayer.csproj", "{4B968965-7420-4AEE-AA1E-08B622B96B1B}"
EndProject
Global
	GlobalSection(SolutionConfigurationPlatforms) = preSolution
		Debug|Any CPU = Debug|Any CPU
		Release|Any CPU = Release|Any CPU
	EndGlobalSection
	GlobalSection(ProjectConfigurationPlatforms) = postSolution
		{6C65A41B-DD72-4174-8F9B-2828C284B6A6}.Debug|Any CPU.ActiveCfg = Debug|Any CPU
		{6C65A41B-DD72-4174-8F9B-2828C284B6A6}.Debug|Any CPU.Build.0 = Debug|Any CPU
		{6C65A41B-DD72-4174-8F9B-2828C284B6A6}.Release|Any CPU.ActiveCfg = Release|Any CPU
		{6C65A41B-DD72-4174-8F9B-2828C284B6A6}.Release|Any CPU.Build.0 = Release|Any CPU
		{57F8FB05-F833-4A54-B688-6A73A392CF2C}.Debug|Any CPU.ActiveCfg = Debug|Any CPU
		{57F8FB05-F833-4A54-B688-6A73A392CF2C}.Debug|Any CPU.Build.0 = Debug|Any CPU
		{57F8FB05-F833-4A54-B688-6A73A392CF2C}.Release|Any CPU.ActiveCfg = Release|Any CPU
		{57F8FB05-F833-4A54-B688-6A73A392CF2C}.Release|Any CPU.Build.0 = Release|Any CPU
		{FCB5A09A-B910-43EE-823C-662A67517679}.Debug|Any CPU.ActiveCfg = Debug|Any CPU
		{FCB5A09A-B910-43EE-823C-662A67517679}.Debug|Any CPU.Build.0 = Debug|Any CPU
		{FCB5A09A-B910-43EE-823C-662A67517679}.Release|Any CPU.ActiveCfg = Release|Any CPU
		{FCB5A09A-B910-43EE-823C-662A67517679}.Release|Any CPU.Build.0 = Release|Any CPU
		{BB4D9E0F-1545-4E7F-A8E6-489840F4F14B}.Debug|Any CPU.ActiveCfg = Debug|Any CPU
		{BB4D9E0F-1545-4E7F-A8E6-489840F4F14B}.Debug|Any CPU.Build.0 = Debug|Any CPU
		{BB4D9E0F-1545-4E7F-A8E6-489840F4F14B}.Release|Any CPU.ActiveCfg = Release|Any CPU
		{BB4D9E0F-1545-4E7F-A8E6-489840F4F14B}.Release|Any CPU.Build.0 = Release|Any CPU
		{1D3EEF82-595E-4F7D-B051-EA7A1888149C}.Debug|Any CPU.ActiveCfg = Debug|Any CPU
		{1D3EEF82-595E-4F7D-B051-EA7A1888149C}.Debug|Any CPU.Build.0 = Debug|Any CPU
		{1D3EEF82-595E-4F7D-B051-EA7A1888149C}.Release|Any CPU.ActiveCfg = Release|Any CPU
		{1D3EEF82-595E-4F7D-B051-EA7A1888149C}.Release|Any CPU.Build.0 = Release|Any CPU
		{F028C698-E0C0-49E1-AAE0-ED4A5A67A728}.Debug|Any CPU.ActiveCfg = Debug|Any CPU
		{F028C698-E0C0-49E1-AAE0-ED4A5A67A728}.Debug|Any CPU.Build.0 = Debug|Any CPU
		{F028C698-E0C0-49E1-AAE0-ED4A5A67A728}.Release|Any CPU.ActiveCfg = Release|Any CPU
		{F028C698-E0C0-49E1-AAE0-ED4A5A67A728}.Release|Any CPU.Build.0 = Release|Any CPU
		{7B5E2A7A-D110-4E99-A46D-09F7EEFDF13F}.Debug|Any CPU.ActiveCfg = Debug|Any CPU
		{7B5E2A7A-D110-4E99-A46D-09F7EEFDF13F}.Debug|Any CPU.Build.0 = Debug|Any CPU
		{7B5E2A7A-D110-4E99-A46D-09F7EEFDF13F}.Release|Any CPU.ActiveCfg = Release|Any CPU
		{7B5E2A7A-D110-4E99-A46D-09F7EEFDF13F}.Release|Any CPU.Build.0 = Release|Any CPU
		{90D3CAC5-D124-42A5-BB0C-56CFE8920104}.Debug|Any CPU.ActiveCfg = Debug|Any CPU
		{90D3CAC5-D124-42A5-BB0C-56CFE8920104}.Debug|Any CPU.Build.0 = Debug|Any CPU
		{90D3CAC5-D124-42A5-BB0C-56CFE8920104}.Release|Any CPU.ActiveCfg = Release|Any CPU
		{90D3CAC5-D124-42A5-BB0C-56CFE8920104}.Release|Any CPU.Build.0 = Release|Any CPU
		{160A0B4C-817D-47DE-A8AF-11D852AB3B9A}.Debug|Any CPU.ActiveCfg = Debug|Any CPU
		{160A0B4C-817D-47DE-A8AF-11D852AB3B9A}.Debug|Any CPU.Build.0 = Debug|Any CPU
		{160A0B4C-817D-47DE-A8AF-11D852AB3B9A}.Release|Any CPU.ActiveCfg = Release|Any CPU
		{160A0B4C-817D-47DE-A8AF-11D852AB3B9A}.Release|Any CPU.Build.0 = Release|Any CPU
		{850F9962-FB79-43BE-A3B6-6F26E738F28C}.Debug|Any CPU.ActiveCfg = Debug|Any CPU
		{850F9962-FB79-43BE-A3B6-6F26E738F28C}.Debug|Any CPU.Build.0 = Debug|Any CPU
		{850F9962-FB79-43BE-A3B6-6F26E738F28C}.Release|Any CPU.ActiveCfg = Release|Any CPU
		{850F9962-FB79-43BE-A3B6-6F26E738F28C}.Release|Any CPU.Build.0 = Release|Any CPU
		{17F36C5F-2147-468C-A0D1-AD730697FD7F}.Debug|Any CPU.ActiveCfg = Debug|Any CPU
		{17F36C5F-2147-468C-A0D1-AD730697FD7F}.Debug|Any CPU.Build.0 = Debug|Any CPU
		{17F36C5F-2147-468C-A0D1-AD730697FD7F}.Release|Any CPU.ActiveCfg = Release|Any CPU
		{17F36C5F-2147-468C-A0D1-AD730697FD7F}.Release|Any CPU.Build.0 = Release|Any CPU
		{553DE3BA-24B4-478C-9DBF-600D1FEE57CA}.Debug|Any CPU.ActiveCfg = Debug|Any CPU
		{553DE3BA-24B4-478C-9DBF-600D1FEE57CA}.Debug|Any CPU.Build.0 = Debug|Any CPU
		{553DE3BA-24B4-478C-9DBF-600D1FEE57CA}.Release|Any CPU.ActiveCfg = Release|Any CPU
		{553DE3BA-24B4-478C-9DBF-600D1FEE57CA}.Release|Any CPU.Build.0 = Release|Any CPU
		{F9DF9CE3-C40B-4835-B255-50D599A9B936}.Debug|Any CPU.ActiveCfg = Debug|Any CPU
		{F9DF9CE3-C40B-4835-B255-50D599A9B936}.Debug|Any CPU.Build.0 = Debug|Any CPU
		{F9DF9CE3-C40B-4835-B255-50D599A9B936}.Release|Any CPU.ActiveCfg = Release|Any CPU
		{F9DF9CE3-C40B-4835-B255-50D599A9B936}.Release|Any CPU.Build.0 = Release|Any CPU
		{5FA9FC4A-3624-4104-9F32-C1C1F2C431CE}.Debug|Any CPU.ActiveCfg = Debug|Any CPU
		{5FA9FC4A-3624-4104-9F32-C1C1F2C431CE}.Debug|Any CPU.Build.0 = Debug|Any CPU
		{5FA9FC4A-3624-4104-9F32-C1C1F2C431CE}.Release|Any CPU.ActiveCfg = Release|Any CPU
		{5FA9FC4A-3624-4104-9F32-C1C1F2C431CE}.Release|Any CPU.Build.0 = Release|Any CPU
		{4B968965-7420-4AEE-AA1E-08B622B96B1B}.Debug|Any CPU.ActiveCfg = Debug|Any CPU
		{4B968965-7420-4AEE-AA1E-08B622B96B1B}.Debug|Any CPU.Build.0 = Debug|Any CPU
		{4B968965-7420-4AEE-AA1E-08B622B96B1B}.Release|Any CPU.ActiveCfg = Release|Any CPU
		{4B968965-7420-4AEE-AA1E-08B622B96B1B}.Release|Any CPU.Build.0 = Release|Any CPU
	EndGlobalSection
	GlobalSection(SolutionProperties) = preSolution
		HideSolutionNode = FALSE
	EndGlobalSection
	GlobalSection(NestedProjects) = preSolution
		{17F702FA-9F52-4474-A51E-F8C0A7CEE387} = {10C96A0F-761D-4318-850D-102C1650E43F}
		{6C65A41B-DD72-4174-8F9B-2828C284B6A6} = {17F702FA-9F52-4474-A51E-F8C0A7CEE387}
		{93CA685E-5A83-4DA9-AA38-09B48141879F} = {10C96A0F-761D-4318-850D-102C1650E43F}
		{57F8FB05-F833-4A54-B688-6A73A392CF2C} = {93CA685E-5A83-4DA9-AA38-09B48141879F}
		{3D5F5A63-A710-4C8F-BBDA-4C2A64D4E46B} = {10C96A0F-761D-4318-850D-102C1650E43F}
		{25FDA0FD-8A41-435A-91EC-FFD463A5C532} = {3D5F5A63-A710-4C8F-BBDA-4C2A64D4E46B}
		{A70E00D6-3D9D-4AED-914D-A59379D564C4} = {3D5F5A63-A710-4C8F-BBDA-4C2A64D4E46B}
		{F1B938D8-B6B8-458B-8A95-CD3E17447F48} = {3D5F5A63-A710-4C8F-BBDA-4C2A64D4E46B}
		{FCB5A09A-B910-43EE-823C-662A67517679} = {25FDA0FD-8A41-435A-91EC-FFD463A5C532}
		{BB4D9E0F-1545-4E7F-A8E6-489840F4F14B} = {25FDA0FD-8A41-435A-91EC-FFD463A5C532}
		{1D3EEF82-595E-4F7D-B051-EA7A1888149C} = {766ECE3E-231D-4DC7-A151-9B9A916A5707}
		{F028C698-E0C0-49E1-AAE0-ED4A5A67A728} = {A70E00D6-3D9D-4AED-914D-A59379D564C4}
		{7B5E2A7A-D110-4E99-A46D-09F7EEFDF13F} = {F1B938D8-B6B8-458B-8A95-CD3E17447F48}
		{69CF8C19-D2CB-4614-A84E-5A4285FB5D0E} = {10C96A0F-761D-4318-850D-102C1650E43F}
		{90D3CAC5-D124-42A5-BB0C-56CFE8920104} = {69CF8C19-D2CB-4614-A84E-5A4285FB5D0E}
		{160A0B4C-817D-47DE-A8AF-11D852AB3B9A} = {69CF8C19-D2CB-4614-A84E-5A4285FB5D0E}
		{850F9962-FB79-43BE-A3B6-6F26E738F28C} = {69CF8C19-D2CB-4614-A84E-5A4285FB5D0E}
		{17F36C5F-2147-468C-A0D1-AD730697FD7F} = {69CF8C19-D2CB-4614-A84E-5A4285FB5D0E}
		{553DE3BA-24B4-478C-9DBF-600D1FEE57CA} = {69CF8C19-D2CB-4614-A84E-5A4285FB5D0E}
		{7D532160-BC6E-4B91-875F-CF5BEC5ECB04} = {10C96A0F-761D-4318-850D-102C1650E43F}
		{F9DF9CE3-C40B-4835-B255-50D599A9B936} = {7D532160-BC6E-4B91-875F-CF5BEC5ECB04}
		{5FA9FC4A-3624-4104-9F32-C1C1F2C431CE} = {D5C1307F-D09A-454C-B9AE-BB6B486B3547}
		{4B968965-7420-4AEE-AA1E-08B622B96B1B} = {D5C1307F-D09A-454C-B9AE-BB6B486B3547}
	EndGlobalSection
	GlobalSection(ExtensibilityGlobals) = postSolution
		SolutionGuid = {8F6F19A0-6ED8-44DF-BCEF-C9CB15E18C2C}
	EndGlobalSection
EndGlobal
