
Microsoft Visual Studio Solution File, Format Version 12.00
# Visual Studio Version 17
VisualStudioVersion = 17.8.34309.116
MinimumVisualStudioVersion = 10.0.40219.1
Project("{2150E333-8FDC-42A3-9474-1A3956D46DE8}") = "Services", "Services", "{10C96A0F-761D-4318-850D-102C1650E43F}"
EndProject
Project("{2150E333-8FDC-42A3-9474-1A3956D46DE8}") = "Catalog", "Catalog", "{17F702FA-9F52-4474-A51E-F8C0A7CEE387}"
	ProjectSection(SolutionItems) = preProject
		README.txt = README.txt
	EndProjectSection
EndProject
Project("{9A19103F-16F7-4668-BE54-9A1E7A4F7556}") = "EShopV3.Catalog", "Services\Catalog\EShopV3.Catalog\EShopV3.Catalog.csproj", "{6C65A41B-DD72-4174-8F9B-2828C284B6A6}"
EndProject
Project("{2150E333-8FDC-42A3-9474-1A3956D46DE8}") = "Discount", "Discount", "{93CA685E-5A83-4DA9-AA38-09B48141879F}"
	ProjectSection(SolutionItems) = preProject
		RADME.txt = RADME.txt
	EndProjectSection
EndProject
Project("{9A19103F-16F7-4668-BE54-9A1E7A4F7556}") = "EShopV3.Discount", "Services\Discount\EShopV3.Discount\EShopV3.Discount.csproj", "{57F8FB05-F833-4A54-B688-6A73A392CF2C}"
EndProject
Project("{2150E333-8FDC-42A3-9474-1A3956D46DE8}") = "Order", "Order", "{3D5F5A63-A710-4C8F-BBDA-4C2A64D4E46B}"
EndProject
Project("{2150E333-8FDC-42A3-9474-1A3956D46DE8}") = "Core", "Core", "{25FDA0FD-8A41-435A-91EC-FFD463A5C532}"
EndProject
Project("{2150E333-8FDC-42A3-9474-1A3956D46DE8}") = "Infrastructure", "Infrastructure", "{A70E00D6-3D9D-4AED-914D-A59379D564C4}"
EndProject
Project("{2150E333-8FDC-42A3-9474-1A3956D46DE8}") = "Presentation", "Presentation", "{F1B938D8-B6B8-458B-8A95-CD3E17447F48}"
EndProject
Project("{9A19103F-16F7-4668-BE54-9A1E7A4F7556}") = "EShopV3.Order.Domain", "Services\Order\Core\EShopV3.Order.Domain\EShopV3.Order.Domain.csproj", "{FCB5A09A-B910-43EE-823C-662A67517679}"
EndProject
Project("{9A19103F-16F7-4668-BE54-9A1E7A4F7556}") = "EShopV3.Order.Application", "Services\Order\Core\EShopV3.Order.Application\EShopV3.Order.Application.csproj", "{BB4D9E0F-1545-4E7F-A8E6-489840F4F14B}"
EndProject
Project("{9A19103F-16F7-4668-BE54-9A1E7A4F7556}") = "EShopV3.Order.Persistence", "Service\Order\Infrastructure\EShopV3.Order.Persistence\EShopV3.Order.Persistence.csproj", "{5981EB26-EA7E-4C08-8D20-EBA023B0D94D}"
EndProject
Project("{9A19103F-16F7-4668-BE54-9A1E7A4F7556}") = "EShopV3.Order.WebApi", "Service\Order\Presentation\EShopV3.Order.WebApi\EShopV3.Order.WebApi.csproj", "{1FAEA6AC-8564-4A7F-93B4-7686B1BF7AEE}"
EndProject
Project("{2150E333-8FDC-42A3-9474-1A3956D46DE8}") = "IdentityServer", "IdentityServer", "{766ECE3E-231D-4DC7-A151-9B9A916A5707}"
EndProject
Project("{9A19103F-16F7-4668-BE54-9A1E7A4F7556}") = "EShopV3.IdentityServer", "IdentityServer\EShopV3.IdentityServer\EShopV3.IdentityServer.csproj", "{1D3EEF82-595E-4F7D-B051-EA7A1888149C}"
EndProject
Project("{2150E333-8FDC-42A3-9474-1A3956D46DE8}") = "Requirements", "Requirements", "{32F908FD-16EE-4421-B4F8-4B5FDBABCA54}"
	ProjectSection(SolutionItems) = preProject
		IdentityServerVersionErrorSolution.txt = IdentityServerVersionErrorSolution.txt
		PortainerCmd.txt = PortainerCmd.txt
	EndProjectSection
EndProject
Global
	GlobalSection(SolutionConfigurationPlatforms) = preSolution
		Debug|Any CPU = Debug|Any CPU
		Release|Any CPU = Release|Any CPU
	EndGlobalSection
	GlobalSection(ProjectConfigurationPlatforms) = postSolution
		{6C65A41B-DD72-4174-8F9B-2828C284B6A6}.Debug|Any CPU.ActiveCfg = Debug|Any CPU
		{6C65A41B-DD72-4174-8F9B-2828C284B6A6}.Debug|Any CPU.Build.0 = Debug|Any CPU
		{6C65A41B-DD72-4174-8F9B-2828C284B6A6}.Release|Any CPU.ActiveCfg = Release|Any CPU
		{6C65A41B-DD72-4174-8F9B-2828C284B6A6}.Release|Any CPU.Build.0 = Release|Any CPU
		{57F8FB05-F833-4A54-B688-6A73A392CF2C}.Debug|Any CPU.ActiveCfg = Debug|Any CPU
		{57F8FB05-F833-4A54-B688-6A73A392CF2C}.Debug|Any CPU.Build.0 = Debug|Any CPU
		{57F8FB05-F833-4A54-B688-6A73A392CF2C}.Release|Any CPU.ActiveCfg = Release|Any CPU
		{57F8FB05-F833-4A54-B688-6A73A392CF2C}.Release|Any CPU.Build.0 = Release|Any CPU
		{FCB5A09A-B910-43EE-823C-662A67517679}.Debug|Any CPU.ActiveCfg = Debug|Any CPU
		{FCB5A09A-B910-43EE-823C-662A67517679}.Debug|Any CPU.Build.0 = Debug|Any CPU
		{FCB5A09A-B910-43EE-823C-662A67517679}.Release|Any CPU.ActiveCfg = Release|Any CPU
		{FCB5A09A-B910-43EE-823C-662A67517679}.Release|Any CPU.Build.0 = Release|Any CPU
		{BB4D9E0F-1545-4E7F-A8E6-489840F4F14B}.Debug|Any CPU.ActiveCfg = Debug|Any CPU
		{BB4D9E0F-1545-4E7F-A8E6-489840F4F14B}.Debug|Any CPU.Build.0 = Debug|Any CPU
		{BB4D9E0F-1545-4E7F-A8E6-489840F4F14B}.Release|Any CPU.ActiveCfg = Release|Any CPU
		{BB4D9E0F-1545-4E7F-A8E6-489840F4F14B}.Release|Any CPU.Build.0 = Release|Any CPU
		{5981EB26-EA7E-4C08-8D20-EBA023B0D94D}.Debug|Any CPU.ActiveCfg = Debug|Any CPU
		{5981EB26-EA7E-4C08-8D20-EBA023B0D94D}.Debug|Any CPU.Build.0 = Debug|Any CPU
		{5981EB26-EA7E-4C08-8D20-EBA023B0D94D}.Release|Any CPU.ActiveCfg = Release|Any CPU
		{5981EB26-EA7E-4C08-8D20-EBA023B0D94D}.Release|Any CPU.Build.0 = Release|Any CPU
		{1FAEA6AC-8564-4A7F-93B4-7686B1BF7AEE}.Debug|Any CPU.ActiveCfg = Debug|Any CPU
		{1FAEA6AC-8564-4A7F-93B4-7686B1BF7AEE}.Debug|Any CPU.Build.0 = Debug|Any CPU
		{1FAEA6AC-8564-4A7F-93B4-7686B1BF7AEE}.Release|Any CPU.ActiveCfg = Release|Any CPU
		{1FAEA6AC-8564-4A7F-93B4-7686B1BF7AEE}.Release|Any CPU.Build.0 = Release|Any CPU
		{1D3EEF82-595E-4F7D-B051-EA7A1888149C}.Debug|Any CPU.ActiveCfg = Debug|Any CPU
		{1D3EEF82-595E-4F7D-B051-EA7A1888149C}.Debug|Any CPU.Build.0 = Debug|Any CPU
		{1D3EEF82-595E-4F7D-B051-EA7A1888149C}.Release|Any CPU.ActiveCfg = Release|Any CPU
		{1D3EEF82-595E-4F7D-B051-EA7A1888149C}.Release|Any CPU.Build.0 = Release|Any CPU
	EndGlobalSection
	GlobalSection(SolutionProperties) = preSolution
		HideSolutionNode = FALSE
	EndGlobalSection
	GlobalSection(NestedProjects) = preSolution
		{17F702FA-9F52-4474-A51E-F8C0A7CEE387} = {10C96A0F-761D-4318-850D-102C1650E43F}
		{6C65A41B-DD72-4174-8F9B-2828C284B6A6} = {17F702FA-9F52-4474-A51E-F8C0A7CEE387}
		{93CA685E-5A83-4DA9-AA38-09B48141879F} = {10C96A0F-761D-4318-850D-102C1650E43F}
		{57F8FB05-F833-4A54-B688-6A73A392CF2C} = {93CA685E-5A83-4DA9-AA38-09B48141879F}
		{3D5F5A63-A710-4C8F-BBDA-4C2A64D4E46B} = {10C96A0F-761D-4318-850D-102C1650E43F}
		{25FDA0FD-8A41-435A-91EC-FFD463A5C532} = {3D5F5A63-A710-4C8F-BBDA-4C2A64D4E46B}
		{A70E00D6-3D9D-4AED-914D-A59379D564C4} = {3D5F5A63-A710-4C8F-BBDA-4C2A64D4E46B}
		{F1B938D8-B6B8-458B-8A95-CD3E17447F48} = {3D5F5A63-A710-4C8F-BBDA-4C2A64D4E46B}
		{FCB5A09A-B910-43EE-823C-662A67517679} = {25FDA0FD-8A41-435A-91EC-FFD463A5C532}
		{BB4D9E0F-1545-4E7F-A8E6-489840F4F14B} = {25FDA0FD-8A41-435A-91EC-FFD463A5C532}
		{5981EB26-EA7E-4C08-8D20-EBA023B0D94D} = {A70E00D6-3D9D-4AED-914D-A59379D564C4}
		{1FAEA6AC-8564-4A7F-93B4-7686B1BF7AEE} = {F1B938D8-B6B8-458B-8A95-CD3E17447F48}
		{1D3EEF82-595E-4F7D-B051-EA7A1888149C} = {766ECE3E-231D-4DC7-A151-9B9A916A5707}
	EndGlobalSection
	GlobalSection(ExtensibilityGlobals) = postSolution
		SolutionGuid = {8F6F19A0-6ED8-44DF-BCEF-C9CB15E18C2C}
	EndGlobalSection
EndGlobal
